<?xml version="1.0" encoding="utf-8"?>
<Project ToolsVersion="4.0" xmlns="http://schemas.microsoft.com/developer/msbuild/2003">
  <ItemGroup>
    <Filter Include="Luhame">
      <UniqueIdentifier>{01FAA6C1-ED9B-D197-D656-E5EBC29758E8}</UniqueIdentifier>
    </Filter>
    <Filter Include="Luhame\Core">
      <UniqueIdentifier>{F986E1E8-653C-5ADE-EE30-54B55AE550E2}</UniqueIdentifier>
    </Filter>
    <Filter Include="Luhame\Core\Event">
      <UniqueIdentifier>{0A9F989B-76B5-9631-BF2C-22532B8267B9}</UniqueIdentifier>
    </Filter>
    <Filter Include="Luhame\ImGui">
      <UniqueIdentifier>{EB2B7D05-D78E-0CAA-8014-45606C56D82C}</UniqueIdentifier>
    </Filter>
    <Filter Include="Luhame\Platform">
      <UniqueIdentifier>{7507D9ED-E192-46B2-EAA3-C9A656AEA2B2}</UniqueIdentifier>
    </Filter>
    <Filter Include="Luhame\Platform\OpenGL">
      <UniqueIdentifier>{091BFE68-F514-27BB-DE81-BDCBCA1A8D27}</UniqueIdentifier>
    </Filter>
    <Filter Include="Luhame\Platform\Windows">
      <UniqueIdentifier>{AF56DDE0-1B8E-2578-2498-899B904E4C71}</UniqueIdentifier>
    </Filter>
    <Filter Include="Luhame\Renderer">
      <UniqueIdentifier>{C70EB6C8-339A-238D-3CAB-A681A8B57F8D}</UniqueIdentifier>
    </Filter>
  </ItemGroup>
  <ItemGroup>
    <ClInclude Include="src\Luhame.h" />
    <ClInclude Include="src\Luhame\Core\Application.h">
      <Filter>Luhame\Core</Filter>
    </ClInclude>
    <ClInclude Include="src\Luhame\Core\Core.h">
      <Filter>Luhame\Core</Filter>
    </ClInclude>
    <ClInclude Include="src\Luhame\Core\Event\ApplicationEvent.h">
      <Filter>Luhame\Core\Event</Filter>
    </ClInclude>
    <ClInclude Include="src\Luhame\Core\Event\Event.h">
      <Filter>Luhame\Core\Event</Filter>
    </ClInclude>
    <ClInclude Include="src\Luhame\Core\Event\KeyEvent.h">
      <Filter>Luhame\Core\Event</Filter>
    </ClInclude>
    <ClInclude Include="src\Luhame\Core\Event\MouseEvent.h">
      <Filter>Luhame\Core\Event</Filter>
    </ClInclude>
    <ClInclude Include="src\Luhame\Core\Input.h">
      <Filter>Luhame\Core</Filter>
    </ClInclude>
    <ClInclude Include="src\Luhame\Core\KeyKode.h">
      <Filter>Luhame\Core</Filter>
    </ClInclude>
    <ClInclude Include="src\Luhame\Core\Layer.h">
      <Filter>Luhame\Core</Filter>
    </ClInclude>
    <ClInclude Include="src\Luhame\Core\LayerStack.h">
      <Filter>Luhame\Core</Filter>
    </ClInclude>
    <ClInclude Include="src\Luhame\Core\Log.h">
      <Filter>Luhame\Core</Filter>
    </ClInclude>
    <ClInclude Include="src\Luhame\Core\Platform.h">
      <Filter>Luhame\Core</Filter>
    </ClInclude>
    <ClInclude Include="src\Luhame\Core\window.h">
      <Filter>Luhame\Core</Filter>
    </ClInclude>
    <ClInclude Include="src\Luhame\EntryPoint.h">
      <Filter>Luhame</Filter>
    </ClInclude>
    <ClInclude Include="src\Luhame\ImGui\ImGuiLayer.h">
      <Filter>Luhame\ImGui</Filter>
    </ClInclude>
    <ClInclude Include="src\Luhame\Platform\OpenGL\OpenGLBuffer.h">
      <Filter>Luhame\Platform\OpenGL</Filter>
    </ClInclude>
    <ClInclude Include="src\Luhame\Platform\OpenGL\OpenGLFramebuffer.h">
      <Filter>Luhame\Platform\OpenGL</Filter>
    </ClInclude>
    <ClInclude Include="src\Luhame\Platform\OpenGL\OpenGLShader.h">
      <Filter>Luhame\Platform\OpenGL</Filter>
    </ClInclude>
    <ClInclude Include="src\Luhame\Platform\OpenGL\OpenGLTexture.h">
      <Filter>Luhame\Platform\OpenGL</Filter>
    </ClInclude>
    <ClInclude Include="src\Luhame\Platform\Windows\WindowsInput.h">
      <Filter>Luhame\Platform\Windows</Filter>
    </ClInclude>
    <ClInclude Include="src\Luhame\Platform\Windows\WindowsWindow.h">
      <Filter>Luhame\Platform\Windows</Filter>
    </ClInclude>
    <ClInclude Include="src\Luhame\Renderer\Buffer.h">
      <Filter>Luhame\Renderer</Filter>
    </ClInclude>
    <ClInclude Include="src\Luhame\Renderer\Camera.h">
      <Filter>Luhame\Renderer</Filter>
    </ClInclude>
    <ClInclude Include="src\Luhame\Renderer\Framebuffer.h">
      <Filter>Luhame\Renderer</Filter>
    </ClInclude>
    <ClInclude Include="src\Luhame\Renderer\Mesh.h">
      <Filter>Luhame\Renderer</Filter>
    </ClInclude>
    <ClInclude Include="src\Luhame\Renderer\RenderCommand.h">
      <Filter>Luhame\Renderer</Filter>
    </ClInclude>
    <ClInclude Include="src\Luhame\Renderer\RenderCommandQueue.h">
      <Filter>Luhame\Renderer</Filter>
    </ClInclude>
    <ClInclude Include="src\Luhame\Renderer\Renderer.h">
      <Filter>Luhame\Renderer</Filter>
    </ClInclude>
    <ClInclude Include="src\Luhame\Renderer\RendererAPI.h">
      <Filter>Luhame\Renderer</Filter>
    </ClInclude>
    <ClInclude Include="src\Luhame\Renderer\Shader.h">
      <Filter>Luhame\Renderer</Filter>
    </ClInclude>
    <ClInclude Include="src\Luhame\Renderer\Texture.h">
      <Filter>Luhame\Renderer</Filter>
    </ClInclude>
    <ClInclude Include="src\pch.h" />
    <ClInclude Include="src\Luhame\Core\TimeStep.h" />
  </ItemGroup>
  <ItemGroup>
    <ClCompile Include="src\Luhame\Core\Application.cpp">
      <Filter>Luhame\Core</Filter>
    </ClCompile>
    <ClCompile Include="src\Luhame\Core\Core.cpp">
      <Filter>Luhame\Core</Filter>
    </ClCompile>
    <ClCompile Include="src\Luhame\Core\Input.cpp">
      <Filter>Luhame\Core</Filter>
    </ClCompile>
    <ClCompile Include="src\Luhame\Core\Layer.cpp">
      <Filter>Luhame\Core</Filter>
    </ClCompile>
    <ClCompile Include="src\Luhame\Core\LayerStack.cpp">
      <Filter>Luhame\Core</Filter>
    </ClCompile>
    <ClCompile Include="src\Luhame\Core\Log.cpp">
      <Filter>Luhame\Core</Filter>
    </ClCompile>
    <ClCompile Include="src\Luhame\Core\window.cpp">
      <Filter>Luhame\Core</Filter>
    </ClCompile>
    <ClCompile Include="src\Luhame\ImGui\ImGuiLayer.cpp">
      <Filter>Luhame\ImGui</Filter>
    </ClCompile>
    <ClCompile Include="src\Luhame\Platform\OpenGL\OpenGLBuffer.cpp">
      <Filter>Luhame\Platform\OpenGL</Filter>
    </ClCompile>
    <ClCompile Include="src\Luhame\Platform\OpenGL\OpenGLFramebuffer.cpp">
      <Filter>Luhame\Platform\OpenGL</Filter>
    </ClCompile>
    <ClCompile Include="src\Luhame\Platform\OpenGL\OpenGLRendererAPI.cpp">
      <Filter>Luhame\Platform\OpenGL</Filter>
    </ClCompile>
    <ClCompile Include="src\Luhame\Platform\OpenGL\OpenGLShader.cpp">
      <Filter>Luhame\Platform\OpenGL</Filter>
    </ClCompile>
    <ClCompile Include="src\Luhame\Platform\OpenGL\OpenGLTexture.cpp">
      <Filter>Luhame\Platform\OpenGL</Filter>
    </ClCompile>
    <ClCompile Include="src\Luhame\Platform\Windows\WindowsInput.cpp">
      <Filter>Luhame\Platform\Windows</Filter>
    </ClCompile>
    <ClCompile Include="src\Luhame\Platform\Windows\WindowsWindow.cpp">
      <Filter>Luhame\Platform\Windows</Filter>
    </ClCompile>
    <ClCompile Include="src\Luhame\Renderer\Buffer.cpp">
      <Filter>Luhame\Renderer</Filter>
    </ClCompile>
    <ClCompile Include="src\Luhame\Renderer\Camera.cpp">
      <Filter>Luhame\Renderer</Filter>
    </ClCompile>
    <ClCompile Include="src\Luhame\Renderer\FrameBuffer.cpp">
      <Filter>Luhame\Renderer</Filter>
    </ClCompile>
    <ClCompile Include="src\Luhame\Renderer\Mesh.cpp">
      <Filter>Luhame\Renderer</Filter>
    </ClCompile>
    <ClCompile Include="src\Luhame\Renderer\RenderCommand.cpp">
      <Filter>Luhame\Renderer</Filter>
    </ClCompile>
    <ClCompile Include="src\Luhame\Renderer\RenderCommandQueue.cpp">
      <Filter>Luhame\Renderer</Filter>
    </ClCompile>
    <ClCompile Include="src\Luhame\Renderer\Renderer.cpp">
      <Filter>Luhame\Renderer</Filter>
    </ClCompile>
    <ClCompile Include="src\Luhame\Renderer\Shader.cpp">
      <Filter>Luhame\Renderer</Filter>
    </ClCompile>
    <ClCompile Include="src\Luhame\Renderer\Texture.cpp">
      <Filter>Luhame\Renderer</Filter>
    </ClCompile>
    <ClCompile Include="src\pch.cpp" />
    <ClCompile Include="src\Luhame\Core\TimeStep.cpp" />
  </ItemGroup>
</Project>